{
  "name": "otp-cli",
  "version": "1.0.0",
  "lockfileVersion": 1,
  "requires": true,
  "dependencies": {
    "otpauth": {
      "version": "6.2.2",
      "resolved": "https://registry.npmjs.org/otpauth/-/otpauth-6.2.2.tgz",
      "integrity": "sha512-/7sW2tc5YEyvyUsmJi0GMFlk8/lSETYBxVroRjFME3mEnfjL7nj96/+tVMdNG0ABUksNlAg1Sn1UkLvvXikt+Q=="
    }
  }
}
